
Microsoft Visual Studio Solution File, Format Version 12.00
Project("{FAE04EC0-301F-11D3-BF4B-00C04F79EFBC}") = "LabWork1", "LabWork1.csproj", "{CE9EF2F0-5C09-4969-9D73-50CDB2A7B514}"
EndProject
Global
	GlobalSection(SolutionConfigurationPlatforms) = preSolution
		Debug|Any CPU = Debug|Any CPU
		Release|Any CPU = Release|Any CPU
	EndGlobalSection
	GlobalSection(ProjectConfigurationPlatforms) = postSolution
		{CE9EF2F0-5C09-4969-9D73-50CDB2A7B514}.Debug|Any CPU.ActiveCfg = Debug|Any CPU
		{CE9EF2F0-5C09-4969-9D73-50CDB2A7B514}.Debug|Any CPU.Build.0 = Debug|Any CPU
		{CE9EF2F0-5C09-4969-9D73-50CDB2A7B514}.Release|Any CPU.ActiveCfg = Release|Any CPU
		{CE9EF2F0-5C09-4969-9D73-50CDB2A7B514}.Release|Any CPU.Build.0 = Release|Any CPU
	EndGlobalSection
EndGlobal
