
Microsoft Visual Studio Solution File, Format Version 12.00
Project("{FAE04EC0-301F-11D3-BF4B-00C04F79EFBC}") = "LabWork5", "LabWork5.csproj", "{8A2B57C3-C594-45CC-9DC4-4F457F1E4F4D}"
EndProject
Global
	GlobalSection(SolutionConfigurationPlatforms) = preSolution
		Debug|Any CPU = Debug|Any CPU
		Release|Any CPU = Release|Any CPU
	EndGlobalSection
	GlobalSection(ProjectConfigurationPlatforms) = postSolution
		{8A2B57C3-C594-45CC-9DC4-4F457F1E4F4D}.Debug|Any CPU.ActiveCfg = Debug|Any CPU
		{8A2B57C3-C594-45CC-9DC4-4F457F1E4F4D}.Debug|Any CPU.Build.0 = Debug|Any CPU
		{8A2B57C3-C594-45CC-9DC4-4F457F1E4F4D}.Release|Any CPU.ActiveCfg = Release|Any CPU
		{8A2B57C3-C594-45CC-9DC4-4F457F1E4F4D}.Release|Any CPU.Build.0 = Release|Any CPU
	EndGlobalSection
EndGlobal
