
Microsoft Visual Studio Solution File, Format Version 12.00
# Visual Studio Version 16
VisualStudioVersion = 16.0.30309.148
MinimumVisualStudioVersion = 10.0.40219.1
Project("{FAE04EC0-301F-11D3-BF4B-00C04F79EFBC}") = "LabWork2", "LabWork2.csproj", "{7E964F79-BF68-4138-AF42-A9FBD55CAF71}"
EndProject
Global
	GlobalSection(SolutionConfigurationPlatforms) = preSolution
		Debug|Any CPU = Debug|Any CPU
		Release|Any CPU = Release|Any CPU
	EndGlobalSection
	GlobalSection(ProjectConfigurationPlatforms) = postSolution
		{7E964F79-BF68-4138-AF42-A9FBD55CAF71}.Debug|Any CPU.ActiveCfg = Debug|Any CPU
		{7E964F79-BF68-4138-AF42-A9FBD55CAF71}.Debug|Any CPU.Build.0 = Debug|Any CPU
		{7E964F79-BF68-4138-AF42-A9FBD55CAF71}.Release|Any CPU.ActiveCfg = Release|Any CPU
		{7E964F79-BF68-4138-AF42-A9FBD55CAF71}.Release|Any CPU.Build.0 = Release|Any CPU
	EndGlobalSection
	GlobalSection(SolutionProperties) = preSolution
		HideSolutionNode = FALSE
	EndGlobalSection
	GlobalSection(ExtensibilityGlobals) = postSolution
		SolutionGuid = {939E8F6C-58ED-46F8-8263-5CBFB8DBF99A}
	EndGlobalSection
EndGlobal
