
Microsoft Visual Studio Solution File, Format Version 12.00
Project("{FAE04EC0-301F-11D3-BF4B-00C04F79EFBC}") = "LabWork7", "LabWork7\LabWork7.csproj", "{4D479CBE-D4BC-456E-9648-C68973CFD50A}"
EndProject
Global
	GlobalSection(SolutionConfigurationPlatforms) = preSolution
		Debug|Any CPU = Debug|Any CPU
		Release|Any CPU = Release|Any CPU
	EndGlobalSection
	GlobalSection(ProjectConfigurationPlatforms) = postSolution
		{4D479CBE-D4BC-456E-9648-C68973CFD50A}.Debug|Any CPU.ActiveCfg = Debug|Any CPU
		{4D479CBE-D4BC-456E-9648-C68973CFD50A}.Debug|Any CPU.Build.0 = Debug|Any CPU
		{4D479CBE-D4BC-456E-9648-C68973CFD50A}.Release|Any CPU.ActiveCfg = Release|Any CPU
		{4D479CBE-D4BC-456E-9648-C68973CFD50A}.Release|Any CPU.Build.0 = Release|Any CPU
	EndGlobalSection
EndGlobal
