
Microsoft Visual Studio Solution File, Format Version 12.00
Project("{FAE04EC0-301F-11D3-BF4B-00C04F79EFBC}") = "client", "client\client.csproj", "{D82C4BE3-381E-4AB2-8053-C654098E95A9}"
EndProject
Project("{FAE04EC0-301F-11D3-BF4B-00C04F79EFBC}") = "server", "server\server.csproj", "{64AF33D5-AF26-43CC-ABDE-6464B146138B}"
EndProject
Global
	GlobalSection(SolutionConfigurationPlatforms) = preSolution
		Debug|Any CPU = Debug|Any CPU
		Release|Any CPU = Release|Any CPU
	EndGlobalSection
	GlobalSection(ProjectConfigurationPlatforms) = postSolution
		{D82C4BE3-381E-4AB2-8053-C654098E95A9}.Debug|Any CPU.ActiveCfg = Debug|Any CPU
		{D82C4BE3-381E-4AB2-8053-C654098E95A9}.Debug|Any CPU.Build.0 = Debug|Any CPU
		{D82C4BE3-381E-4AB2-8053-C654098E95A9}.Release|Any CPU.ActiveCfg = Release|Any CPU
		{D82C4BE3-381E-4AB2-8053-C654098E95A9}.Release|Any CPU.Build.0 = Release|Any CPU
		{64AF33D5-AF26-43CC-ABDE-6464B146138B}.Debug|Any CPU.ActiveCfg = Debug|Any CPU
		{64AF33D5-AF26-43CC-ABDE-6464B146138B}.Debug|Any CPU.Build.0 = Debug|Any CPU
		{64AF33D5-AF26-43CC-ABDE-6464B146138B}.Release|Any CPU.ActiveCfg = Release|Any CPU
		{64AF33D5-AF26-43CC-ABDE-6464B146138B}.Release|Any CPU.Build.0 = Release|Any CPU
	EndGlobalSection
EndGlobal
